// !$*UTF8*$!
{
	archiveVersion = 1;
	classes = {
	};
	objectVersion = 56;
	objects = {

/* Begin PBXBuildFile section */
		6762847828DFF5BA000C073A /* KeyboardShortcuts in Frameworks */ = {isa = PBXBuildFile; productRef = 6762847728DFF5BA000C073A /* KeyboardShortcuts */; };
		6762847A28DFF5CE000C073A /* KeyboardShortcuts.swift in Sources */ = {isa = PBXBuildFile; fileRef = 6762847928DFF5CE000C073A /* KeyboardShortcuts.swift */; };
		67CCF14628DFBF70008BB224 /* AppleScriptService.swift in Sources */ = {isa = PBXBuildFile; fileRef = 67CCF14528DFBF70008BB224 /* AppleScriptService.swift */; };
		67CCF14928DFC5AE008BB224 /* AppleScript.swift in Sources */ = {isa = PBXBuildFile; fileRef = 67CCF14828DFC5AE008BB224 /* AppleScript.swift */; };
		67D9B4FE28DBDE25000DE0B3 /* Assets.xcassets in Resources */ = {isa = PBXBuildFile; fileRef = 67D9B4FD28DBDE25000DE0B3 /* Assets.xcassets */; };
		67D9B50128DBDE25000DE0B3 /* Preview Assets.xcassets in Resources */ = {isa = PBXBuildFile; fileRef = 67D9B50028DBDE25000DE0B3 /* Preview Assets.xcassets */; };
		67D9B50928DBE152000DE0B3 /* AppDelegate.swift in Sources */ = {isa = PBXBuildFile; fileRef = 67D9B50828DBE152000DE0B3 /* AppDelegate.swift */; };
		67D9B50C28DCA9FA000DE0B3 /* String.swift in Sources */ = {isa = PBXBuildFile; fileRef = 67D9B50B28DCA9FA000DE0B3 /* String.swift */; };
		67D9B50E28DCAA6E000DE0B3 /* ScenarioManager.swift in Sources */ = {isa = PBXBuildFile; fileRef = 67D9B50D28DCAA6E000DE0B3 /* ScenarioManager.swift */; };
		67D9B51028DCAD09000DE0B3 /* NSImage.swift in Sources */ = {isa = PBXBuildFile; fileRef = 67D9B50F28DCAD09000DE0B3 /* NSImage.swift */; };
		67D9B51228DCAF86000DE0B3 /* Scenario.swift in Sources */ = {isa = PBXBuildFile; fileRef = 67D9B51128DCAF86000DE0B3 /* Scenario.swift */; };
		67D9B51428DD122E000DE0B3 /* NSOpenPanel.swift in Sources */ = {isa = PBXBuildFile; fileRef = 67D9B51328DD122E000DE0B3 /* NSOpenPanel.swift */; };
		67D9B51628DD14E8000DE0B3 /* JSONDecoder.swift in Sources */ = {isa = PBXBuildFile; fileRef = 67D9B51528DD14E8000DE0B3 /* JSONDecoder.swift */; };
		67D9B51828DD153E000DE0B3 /* StepAction.swift in Sources */ = {isa = PBXBuildFile; fileRef = 67D9B51728DD153E000DE0B3 /* StepAction.swift */; };
		67D9B51C28DDE766000DE0B3 /* HintManager.swift in Sources */ = {isa = PBXBuildFile; fileRef = 67D9B51B28DDE766000DE0B3 /* HintManager.swift */; };
		67D9B52128DDF6FF000DE0B3 /* HintViewController.swift in Sources */ = {isa = PBXBuildFile; fileRef = 67D9B52028DDF6FF000DE0B3 /* HintViewController.swift */; };
		67D9B52328DDF851000DE0B3 /* Hint.storyboard in Resources */ = {isa = PBXBuildFile; fileRef = 67D9B52228DDF851000DE0B3 /* Hint.storyboard */; };
		67D9B52528DDF984000DE0B3 /* Coordinator.swift in Sources */ = {isa = PBXBuildFile; fileRef = 67D9B52428DDF984000DE0B3 /* Coordinator.swift */; };
		67D9B52828DE069C000DE0B3 /* Closures.swift in Sources */ = {isa = PBXBuildFile; fileRef = 67D9B52728DE069C000DE0B3 /* Closures.swift */; };
		67D9B52A28DE0B6D000DE0B3 /* ActionsManager.swift in Sources */ = {isa = PBXBuildFile; fileRef = 67D9B52928DE0B6D000DE0B3 /* ActionsManager.swift */; };
		67D9B52D28DE0CBB000DE0B3 /* BashService.swift in Sources */ = {isa = PBXBuildFile; fileRef = 67D9B52C28DE0CBB000DE0B3 /* BashService.swift */; };
		67D9B53028DE1CC7000DE0B3 /* ActionsEnvironment.swift in Sources */ = {isa = PBXBuildFile; fileRef = 67D9B52F28DE1CC7000DE0B3 /* ActionsEnvironment.swift */; };
		67D9B53228DE6039000DE0B3 /* SplashMessageManager.swift in Sources */ = {isa = PBXBuildFile; fileRef = 67D9B53128DE6039000DE0B3 /* SplashMessageManager.swift */; };
		67D9B53428DE609A000DE0B3 /* SplashViewController.swift in Sources */ = {isa = PBXBuildFile; fileRef = 67D9B53328DE609A000DE0B3 /* SplashViewController.swift */; };
		67D9B53628DE6128000DE0B3 /* Splash.storyboard in Resources */ = {isa = PBXBuildFile; fileRef = 67D9B53528DE6128000DE0B3 /* Splash.storyboard */; };
		67D9B53828DE635B000DE0B3 /* WindowPresentingManager.swift in Sources */ = {isa = PBXBuildFile; fileRef = 67D9B53728DE635B000DE0B3 /* WindowPresentingManager.swift */; };
		67D9B53A28DE63F6000DE0B3 /* NibInstantiable.swift in Sources */ = {isa = PBXBuildFile; fileRef = 67D9B53928DE63F6000DE0B3 /* NibInstantiable.swift */; };
		67D9B53C28DE8004000DE0B3 /* CGRect.swift in Sources */ = {isa = PBXBuildFile; fileRef = 67D9B53B28DE8004000DE0B3 /* CGRect.swift */; };
/* End PBXBuildFile section */

/* Begin PBXFileReference section */
		6762847928DFF5CE000C073A /* KeyboardShortcuts.swift */ = {isa = PBXFileReference; lastKnownFileType = sourcecode.swift; path = KeyboardShortcuts.swift; sourceTree = "<group>"; };
		67CCF14528DFBF70008BB224 /* AppleScriptService.swift */ = {isa = PBXFileReference; lastKnownFileType = sourcecode.swift; path = AppleScriptService.swift; sourceTree = "<group>"; };
		67CCF14828DFC5AE008BB224 /* AppleScript.swift */ = {isa = PBXFileReference; lastKnownFileType = sourcecode.swift; path = AppleScript.swift; sourceTree = "<group>"; };
		67D9B4F628DBDE22000DE0B3 /* LectureAssistant.app */ = {isa = PBXFileReference; explicitFileType = wrapper.application; includeInIndex = 0; path = LectureAssistant.app; sourceTree = BUILT_PRODUCTS_DIR; };
		67D9B4FD28DBDE25000DE0B3 /* Assets.xcassets */ = {isa = PBXFileReference; lastKnownFileType = folder.assetcatalog; path = Assets.xcassets; sourceTree = "<group>"; };
		67D9B50028DBDE25000DE0B3 /* Preview Assets.xcassets */ = {isa = PBXFileReference; lastKnownFileType = folder.assetcatalog; path = "Preview Assets.xcassets"; sourceTree = "<group>"; };
		67D9B50828DBE152000DE0B3 /* AppDelegate.swift */ = {isa = PBXFileReference; lastKnownFileType = sourcecode.swift; path = AppDelegate.swift; sourceTree = "<group>"; };
		67D9B50B28DCA9FA000DE0B3 /* String.swift */ = {isa = PBXFileReference; lastKnownFileType = sourcecode.swift; path = String.swift; sourceTree = "<group>"; };
		67D9B50D28DCAA6E000DE0B3 /* ScenarioManager.swift */ = {isa = PBXFileReference; lastKnownFileType = sourcecode.swift; path = ScenarioManager.swift; sourceTree = "<group>"; };
		67D9B50F28DCAD09000DE0B3 /* NSImage.swift */ = {isa = PBXFileReference; lastKnownFileType = sourcecode.swift; path = NSImage.swift; sourceTree = "<group>"; };
		67D9B51128DCAF86000DE0B3 /* Scenario.swift */ = {isa = PBXFileReference; lastKnownFileType = sourcecode.swift; path = Scenario.swift; sourceTree = "<group>"; };
		67D9B51328DD122E000DE0B3 /* NSOpenPanel.swift */ = {isa = PBXFileReference; fileEncoding = 4; lastKnownFileType = sourcecode.swift; path = NSOpenPanel.swift; sourceTree = "<group>"; };
		67D9B51528DD14E8000DE0B3 /* JSONDecoder.swift */ = {isa = PBXFileReference; lastKnownFileType = sourcecode.swift; path = JSONDecoder.swift; sourceTree = "<group>"; };
		67D9B51728DD153E000DE0B3 /* StepAction.swift */ = {isa = PBXFileReference; lastKnownFileType = sourcecode.swift; path = StepAction.swift; sourceTree = "<group>"; };
		67D9B51B28DDE766000DE0B3 /* HintManager.swift */ = {isa = PBXFileReference; lastKnownFileType = sourcecode.swift; path = HintManager.swift; sourceTree = "<group>"; };
		67D9B51E28DDF252000DE0B3 /* Info.plist */ = {isa = PBXFileReference; lastKnownFileType = text.plist; path = Info.plist; sourceTree = "<group>"; };
		67D9B52028DDF6FF000DE0B3 /* HintViewController.swift */ = {isa = PBXFileReference; lastKnownFileType = sourcecode.swift; path = HintViewController.swift; sourceTree = "<group>"; };
		67D9B52228DDF851000DE0B3 /* Hint.storyboard */ = {isa = PBXFileReference; lastKnownFileType = file.storyboard; path = Hint.storyboard; sourceTree = "<group>"; };
		67D9B52428DDF984000DE0B3 /* Coordinator.swift */ = {isa = PBXFileReference; lastKnownFileType = sourcecode.swift; path = Coordinator.swift; sourceTree = "<group>"; };
		67D9B52728DE069C000DE0B3 /* Closures.swift */ = {isa = PBXFileReference; lastKnownFileType = sourcecode.swift; path = Closures.swift; sourceTree = "<group>"; };
		67D9B52928DE0B6D000DE0B3 /* ActionsManager.swift */ = {isa = PBXFileReference; lastKnownFileType = sourcecode.swift; path = ActionsManager.swift; sourceTree = "<group>"; };
		67D9B52C28DE0CBB000DE0B3 /* BashService.swift */ = {isa = PBXFileReference; lastKnownFileType = sourcecode.swift; path = BashService.swift; sourceTree = "<group>"; };
		67D9B52E28DE16D3000DE0B3 /* LectureAssistant.entitlements */ = {isa = PBXFileReference; lastKnownFileType = text.plist.entitlements; path = LectureAssistant.entitlements; sourceTree = "<group>"; };
		67D9B52F28DE1CC7000DE0B3 /* ActionsEnvironment.swift */ = {isa = PBXFileReference; lastKnownFileType = sourcecode.swift; path = ActionsEnvironment.swift; sourceTree = "<group>"; };
		67D9B53128DE6039000DE0B3 /* SplashMessageManager.swift */ = {isa = PBXFileReference; lastKnownFileType = sourcecode.swift; path = SplashMessageManager.swift; sourceTree = "<group>"; };
		67D9B53328DE609A000DE0B3 /* SplashViewController.swift */ = {isa = PBXFileReference; lastKnownFileType = sourcecode.swift; path = SplashViewController.swift; sourceTree = "<group>"; };
		67D9B53528DE6128000DE0B3 /* Splash.storyboard */ = {isa = PBXFileReference; lastKnownFileType = file.storyboard; path = Splash.storyboard; sourceTree = "<group>"; };
		67D9B53728DE635B000DE0B3 /* WindowPresentingManager.swift */ = {isa = PBXFileReference; lastKnownFileType = sourcecode.swift; path = WindowPresentingManager.swift; sourceTree = "<group>"; };
		67D9B53928DE63F6000DE0B3 /* NibInstantiable.swift */ = {isa = PBXFileReference; lastKnownFileType = sourcecode.swift; path = NibInstantiable.swift; sourceTree = "<group>"; };
		67D9B53B28DE8004000DE0B3 /* CGRect.swift */ = {isa = PBXFileReference; lastKnownFileType = sourcecode.swift; path = CGRect.swift; sourceTree = "<group>"; };
/* End PBXFileReference section */

/* Begin PBXFrameworksBuildPhase section */
		67D9B4F328DBDE22000DE0B3 /* Frameworks */ = {
			isa = PBXFrameworksBuildPhase;
			buildActionMask = 2147483647;
			files = (
				6762847828DFF5BA000C073A /* KeyboardShortcuts in Frameworks */,
			);
			runOnlyForDeploymentPostprocessing = 0;
		};
/* End PBXFrameworksBuildPhase section */

/* Begin PBXGroup section */
		67CCF14728DFC593008BB224 /* Scripting */ = {
			isa = PBXGroup;
			children = (
				67D9B52C28DE0CBB000DE0B3 /* BashService.swift */,
				67CCF14528DFBF70008BB224 /* AppleScriptService.swift */,
				67CCF14828DFC5AE008BB224 /* AppleScript.swift */,
			);
			path = Scripting;
			sourceTree = "<group>";
		};
		67D9B4ED28DBDE22000DE0B3 = {
			isa = PBXGroup;
			children = (
				67D9B4F828DBDE22000DE0B3 /* LectureAssistant */,
				67D9B4F728DBDE22000DE0B3 /* Products */,
			);
			sourceTree = "<group>";
		};
		67D9B4F728DBDE22000DE0B3 /* Products */ = {
			isa = PBXGroup;
			children = (
				67D9B4F628DBDE22000DE0B3 /* LectureAssistant.app */,
			);
			name = Products;
			sourceTree = "<group>";
		};
		67D9B4F828DBDE22000DE0B3 /* LectureAssistant */ = {
			isa = PBXGroup;
			children = (
				67D9B52628DE0680000DE0B3 /* Utils */,
				67D9B51F28DDF6EB000DE0B3 /* ViewControllers */,
				67D9B51A28DDE750000DE0B3 /* Service */,
				67D9B51928DDE745000DE0B3 /* Models */,
				67D9B50A28DCA9F0000DE0B3 /* Extensions */,
				67D9B50828DBE152000DE0B3 /* AppDelegate.swift */,
				67D9B52428DDF984000DE0B3 /* Coordinator.swift */,
				67D9B4FD28DBDE25000DE0B3 /* Assets.xcassets */,
				67D9B52E28DE16D3000DE0B3 /* LectureAssistant.entitlements */,
				67D9B51E28DDF252000DE0B3 /* Info.plist */,
				67D9B4FF28DBDE25000DE0B3 /* Preview Content */,
			);
			path = LectureAssistant;
			sourceTree = "<group>";
		};
		67D9B4FF28DBDE25000DE0B3 /* Preview Content */ = {
			isa = PBXGroup;
			children = (
				67D9B50028DBDE25000DE0B3 /* Preview Assets.xcassets */,
			);
			path = "Preview Content";
			sourceTree = "<group>";
		};
		67D9B50A28DCA9F0000DE0B3 /* Extensions */ = {
			isa = PBXGroup;
			children = (
				67D9B50B28DCA9FA000DE0B3 /* String.swift */,
				67D9B50F28DCAD09000DE0B3 /* NSImage.swift */,
				67D9B51328DD122E000DE0B3 /* NSOpenPanel.swift */,
				67D9B51528DD14E8000DE0B3 /* JSONDecoder.swift */,
				67D9B53B28DE8004000DE0B3 /* CGRect.swift */,
			);
			path = Extensions;
			sourceTree = "<group>";
		};
		67D9B51928DDE745000DE0B3 /* Models */ = {
			isa = PBXGroup;
			children = (
				67D9B51728DD153E000DE0B3 /* StepAction.swift */,
				67D9B51128DCAF86000DE0B3 /* Scenario.swift */,
				67D9B52F28DE1CC7000DE0B3 /* ActionsEnvironment.swift */,
			);
			path = Models;
			sourceTree = "<group>";
		};
		67D9B51A28DDE750000DE0B3 /* Service */ = {
			isa = PBXGroup;
			children = (
				67CCF14728DFC593008BB224 /* Scripting */,
				67D9B53728DE635B000DE0B3 /* WindowPresentingManager.swift */,
				67D9B51B28DDE766000DE0B3 /* HintManager.swift */,
				67D9B53128DE6039000DE0B3 /* SplashMessageManager.swift */,
				67D9B50D28DCAA6E000DE0B3 /* ScenarioManager.swift */,
				67D9B52928DE0B6D000DE0B3 /* ActionsManager.swift */,
			);
			path = Service;
			sourceTree = "<group>";
		};
		67D9B51F28DDF6EB000DE0B3 /* ViewControllers */ = {
			isa = PBXGroup;
			children = (
				67D9B52028DDF6FF000DE0B3 /* HintViewController.swift */,
				67D9B52228DDF851000DE0B3 /* Hint.storyboard */,
				67D9B53328DE609A000DE0B3 /* SplashViewController.swift */,
				67D9B53528DE6128000DE0B3 /* Splash.storyboard */,
			);
			path = ViewControllers;
			sourceTree = "<group>";
		};
		67D9B52628DE0680000DE0B3 /* Utils */ = {
			isa = PBXGroup;
			children = (
				67D9B52728DE069C000DE0B3 /* Closures.swift */,
				67D9B53928DE63F6000DE0B3 /* NibInstantiable.swift */,
				6762847928DFF5CE000C073A /* KeyboardShortcuts.swift */,
			);
			path = Utils;
			sourceTree = "<group>";
		};
/* End PBXGroup section */

/* Begin PBXNativeTarget section */
		67D9B4F528DBDE22000DE0B3 /* LectureAssistant */ = {
			isa = PBXNativeTarget;
			buildConfigurationList = 67D9B50528DBDE25000DE0B3 /* Build configuration list for PBXNativeTarget "LectureAssistant" */;
			buildPhases = (
				67D9B4F228DBDE22000DE0B3 /* Sources */,
				67D9B4F328DBDE22000DE0B3 /* Frameworks */,
				67D9B4F428DBDE22000DE0B3 /* Resources */,
			);
			buildRules = (
			);
			dependencies = (
			);
			name = LectureAssistant;
			packageProductDependencies = (
				6762847728DFF5BA000C073A /* KeyboardShortcuts */,
			);
			productName = LectureAssistant;
			productReference = 67D9B4F628DBDE22000DE0B3 /* LectureAssistant.app */;
			productType = "com.apple.product-type.application";
		};
/* End PBXNativeTarget section */

/* Begin PBXProject section */
		67D9B4EE28DBDE22000DE0B3 /* Project object */ = {
			isa = PBXProject;
			attributes = {
				BuildIndependentTargetsInParallel = 1;
				LastSwiftUpdateCheck = 1400;
				LastUpgradeCheck = 1400;
				TargetAttributes = {
					67D9B4F528DBDE22000DE0B3 = {
						CreatedOnToolsVersion = 14.0;
					};
				};
			};
			buildConfigurationList = 67D9B4F128DBDE22000DE0B3 /* Build configuration list for PBXProject "LectureAssistant" */;
			compatibilityVersion = "Xcode 14.0";
			developmentRegion = en;
			hasScannedForEncodings = 0;
			knownRegions = (
				en,
				Base,
			);
			mainGroup = 67D9B4ED28DBDE22000DE0B3;
			packageReferences = (
				6762847628DFF5BA000C073A /* XCRemoteSwiftPackageReference "KeyboardShortcuts" */,
			);
			productRefGroup = 67D9B4F728DBDE22000DE0B3 /* Products */;
			projectDirPath = "";
			projectRoot = "";
			targets = (
				67D9B4F528DBDE22000DE0B3 /* LectureAssistant */,
			);
		};
/* End PBXProject section */

/* Begin PBXResourcesBuildPhase section */
		67D9B4F428DBDE22000DE0B3 /* Resources */ = {
			isa = PBXResourcesBuildPhase;
			buildActionMask = 2147483647;
			files = (
				67D9B50128DBDE25000DE0B3 /* Preview Assets.xcassets in Resources */,
				67D9B52328DDF851000DE0B3 /* Hint.storyboard in Resources */,
				67D9B4FE28DBDE25000DE0B3 /* Assets.xcassets in Resources */,
				67D9B53628DE6128000DE0B3 /* Splash.storyboard in Resources */,
			);
			runOnlyForDeploymentPostprocessing = 0;
		};
/* End PBXResourcesBuildPhase section */

/* Begin PBXSourcesBuildPhase section */
		67D9B4F228DBDE22000DE0B3 /* Sources */ = {
			isa = PBXSourcesBuildPhase;
			buildActionMask = 2147483647;
			files = (
				67D9B53228DE6039000DE0B3 /* SplashMessageManager.swift in Sources */,
				67D9B50E28DCAA6E000DE0B3 /* ScenarioManager.swift in Sources */,
				67D9B52D28DE0CBB000DE0B3 /* BashService.swift in Sources */,
				67CCF14628DFBF70008BB224 /* AppleScriptService.swift in Sources */,
				67D9B53428DE609A000DE0B3 /* SplashViewController.swift in Sources */,
				67D9B52A28DE0B6D000DE0B3 /* ActionsManager.swift in Sources */,
				67D9B51828DD153E000DE0B3 /* StepAction.swift in Sources */,
				67D9B53A28DE63F6000DE0B3 /* NibInstantiable.swift in Sources */,
				67D9B53C28DE8004000DE0B3 /* CGRect.swift in Sources */,
				67CCF14928DFC5AE008BB224 /* AppleScript.swift in Sources */,
				67D9B53828DE635B000DE0B3 /* WindowPresentingManager.swift in Sources */,
				67D9B50928DBE152000DE0B3 /* AppDelegate.swift in Sources */,
				6762847A28DFF5CE000C073A /* KeyboardShortcuts.swift in Sources */,
				67D9B51628DD14E8000DE0B3 /* JSONDecoder.swift in Sources */,
				67D9B51C28DDE766000DE0B3 /* HintManager.swift in Sources */,
				67D9B52828DE069C000DE0B3 /* Closures.swift in Sources */,
				67D9B53028DE1CC7000DE0B3 /* ActionsEnvironment.swift in Sources */,
				67D9B50C28DCA9FA000DE0B3 /* String.swift in Sources */,
				67D9B52528DDF984000DE0B3 /* Coordinator.swift in Sources */,
				67D9B51028DCAD09000DE0B3 /* NSImage.swift in Sources */,
				67D9B52128DDF6FF000DE0B3 /* HintViewController.swift in Sources */,
				67D9B51228DCAF86000DE0B3 /* Scenario.swift in Sources */,
				67D9B51428DD122E000DE0B3 /* NSOpenPanel.swift in Sources */,
			);
			runOnlyForDeploymentPostprocessing = 0;
		};
/* End PBXSourcesBuildPhase section */

/* Begin XCBuildConfiguration section */
		67D9B50328DBDE25000DE0B3 /* Debug */ = {
			isa = XCBuildConfiguration;
			buildSettings = {
				ALWAYS_SEARCH_USER_PATHS = NO;
				CLANG_ANALYZER_NONNULL = YES;
				CLANG_ANALYZER_NUMBER_OBJECT_CONVERSION = YES_AGGRESSIVE;
				CLANG_CXX_LANGUAGE_STANDARD = "gnu++20";
				CLANG_ENABLE_MODULES = YES;
				CLANG_ENABLE_OBJC_ARC = YES;
				CLANG_ENABLE_OBJC_WEAK = YES;
				CLANG_WARN_BLOCK_CAPTURE_AUTORELEASING = YES;
				CLANG_WARN_BOOL_CONVERSION = YES;
				CLANG_WARN_COMMA = YES;
				CLANG_WARN_CONSTANT_CONVERSION = YES;
				CLANG_WARN_DEPRECATED_OBJC_IMPLEMENTATIONS = YES;
				CLANG_WARN_DIRECT_OBJC_ISA_USAGE = YES_ERROR;
				CLANG_WARN_DOCUMENTATION_COMMENTS = YES;
				CLANG_WARN_EMPTY_BODY = YES;
				CLANG_WARN_ENUM_CONVERSION = YES;
				CLANG_WARN_INFINITE_RECURSION = YES;
				CLANG_WARN_INT_CONVERSION = YES;
				CLANG_WARN_NON_LITERAL_NULL_CONVERSION = YES;
				CLANG_WARN_OBJC_IMPLICIT_RETAIN_SELF = YES;
				CLANG_WARN_OBJC_LITERAL_CONVERSION = YES;
				CLANG_WARN_OBJC_ROOT_CLASS = YES_ERROR;
				CLANG_WARN_QUOTED_INCLUDE_IN_FRAMEWORK_HEADER = YES;
				CLANG_WARN_RANGE_LOOP_ANALYSIS = YES;
				CLANG_WARN_STRICT_PROTOTYPES = YES;
				CLANG_WARN_SUSPICIOUS_MOVE = YES;
				CLANG_WARN_UNGUARDED_AVAILABILITY = YES_AGGRESSIVE;
				CLANG_WARN_UNREACHABLE_CODE = YES;
				CLANG_WARN__DUPLICATE_METHOD_MATCH = YES;
				COPY_PHASE_STRIP = NO;
				DEBUG_INFORMATION_FORMAT = dwarf;
				ENABLE_STRICT_OBJC_MSGSEND = YES;
				ENABLE_TESTABILITY = YES;
				GCC_C_LANGUAGE_STANDARD = gnu11;
				GCC_DYNAMIC_NO_PIC = NO;
				GCC_NO_COMMON_BLOCKS = YES;
				GCC_OPTIMIZATION_LEVEL = 0;
				GCC_PREPROCESSOR_DEFINITIONS = (
					"DEBUG=1",
					"$(inherited)",
				);
				GCC_WARN_64_TO_32_BIT_CONVERSION = YES;
				GCC_WARN_ABOUT_RETURN_TYPE = YES_ERROR;
				GCC_WARN_UNDECLARED_SELECTOR = YES;
				GCC_WARN_UNINITIALIZED_AUTOS = YES_AGGRESSIVE;
				GCC_WARN_UNUSED_FUNCTION = YES;
				GCC_WARN_UNUSED_VARIABLE = YES;
				MACOSX_DEPLOYMENT_TARGET = 12.4;
				MTL_ENABLE_DEBUG_INFO = INCLUDE_SOURCE;
				MTL_FAST_MATH = YES;
				ONLY_ACTIVE_ARCH = YES;
				SDKROOT = macosx;
				SWIFT_ACTIVE_COMPILATION_CONDITIONS = DEBUG;
				SWIFT_OPTIMIZATION_LEVEL = "-Onone";
			};
			name = Debug;
		};
		67D9B50428DBDE25000DE0B3 /* Release */ = {
			isa = XCBuildConfiguration;
			buildSettings = {
				ALWAYS_SEARCH_USER_PATHS = NO;
				CLANG_ANALYZER_NONNULL = YES;
				CLANG_ANALYZER_NUMBER_OBJECT_CONVERSION = YES_AGGRESSIVE;
				CLANG_CXX_LANGUAGE_STANDARD = "gnu++20";
				CLANG_ENABLE_MODULES = YES;
				CLANG_ENABLE_OBJC_ARC = YES;
				CLANG_ENABLE_OBJC_WEAK = YES;
				CLANG_WARN_BLOCK_CAPTURE_AUTORELEASING = YES;
				CLANG_WARN_BOOL_CONVERSION = YES;
				CLANG_WARN_COMMA = YES;
				CLANG_WARN_CONSTANT_CONVERSION = YES;
				CLANG_WARN_DEPRECATED_OBJC_IMPLEMENTATIONS = YES;
				CLANG_WARN_DIRECT_OBJC_ISA_USAGE = YES_ERROR;
				CLANG_WARN_DOCUMENTATION_COMMENTS = YES;
				CLANG_WARN_EMPTY_BODY = YES;
				CLANG_WARN_ENUM_CONVERSION = YES;
				CLANG_WARN_INFINITE_RECURSION = YES;
				CLANG_WARN_INT_CONVERSION = YES;
				CLANG_WARN_NON_LITERAL_NULL_CONVERSION = YES;
				CLANG_WARN_OBJC_IMPLICIT_RETAIN_SELF = YES;
				CLANG_WARN_OBJC_LITERAL_CONVERSION = YES;
				CLANG_WARN_OBJC_ROOT_CLASS = YES_ERROR;
				CLANG_WARN_QUOTED_INCLUDE_IN_FRAMEWORK_HEADER = YES;
				CLANG_WARN_RANGE_LOOP_ANALYSIS = YES;
				CLANG_WARN_STRICT_PROTOTYPES = YES;
				CLANG_WARN_SUSPICIOUS_MOVE = YES;
				CLANG_WARN_UNGUARDED_AVAILABILITY = YES_AGGRESSIVE;
				CLANG_WARN_UNREACHABLE_CODE = YES;
				CLANG_WARN__DUPLICATE_METHOD_MATCH = YES;
				COPY_PHASE_STRIP = NO;
				DEBUG_INFORMATION_FORMAT = "dwarf-with-dsym";
				ENABLE_NS_ASSERTIONS = NO;
				ENABLE_STRICT_OBJC_MSGSEND = YES;
				GCC_C_LANGUAGE_STANDARD = gnu11;
				GCC_NO_COMMON_BLOCKS = YES;
				GCC_WARN_64_TO_32_BIT_CONVERSION = YES;
				GCC_WARN_ABOUT_RETURN_TYPE = YES_ERROR;
				GCC_WARN_UNDECLARED_SELECTOR = YES;
				GCC_WARN_UNINITIALIZED_AUTOS = YES_AGGRESSIVE;
				GCC_WARN_UNUSED_FUNCTION = YES;
				GCC_WARN_UNUSED_VARIABLE = YES;
				MACOSX_DEPLOYMENT_TARGET = 12.4;
				MTL_ENABLE_DEBUG_INFO = NO;
				MTL_FAST_MATH = YES;
				SDKROOT = macosx;
				SWIFT_COMPILATION_MODE = wholemodule;
				SWIFT_OPTIMIZATION_LEVEL = "-O";
			};
			name = Release;
		};
		67D9B50628DBDE25000DE0B3 /* Debug */ = {
			isa = XCBuildConfiguration;
			buildSettings = {
				ASSETCATALOG_COMPILER_APPICON_NAME = AppIcon;
				ASSETCATALOG_COMPILER_GLOBAL_ACCENT_COLOR_NAME = AccentColor;
				CODE_SIGN_ENTITLEMENTS = LectureAssistant/LectureAssistant.entitlements;
				CODE_SIGN_STYLE = Automatic;
				COMBINE_HIDPI_IMAGES = YES;
				CURRENT_PROJECT_VERSION = 1;
				DEVELOPMENT_ASSET_PATHS = "\"LectureAssistant/Preview Content\"";
				DEVELOPMENT_TEAM = TW5C93DFWS;
				ENABLE_HARDENED_RUNTIME = YES;
				ENABLE_PREVIEWS = YES;
				GENERATE_INFOPLIST_FILE = YES;
				INFOPLIST_FILE = LectureAssistant/Info.plist;
				INFOPLIST_KEY_NSHumanReadableCopyright = "";
				LD_RUNPATH_SEARCH_PATHS = (
					"$(inherited)",
					"@executable_path/../Frameworks",
				);
				MARKETING_VERSION = 1.0;
				PRODUCT_BUNDLE_IDENTIFIER = com.ssp.LectureAssistant;
				PRODUCT_NAME = "$(TARGET_NAME)";
				SWIFT_EMIT_LOC_STRINGS = YES;
				SWIFT_VERSION = 5.0;
			};
			name = Debug;
		};
		67D9B50728DBDE25000DE0B3 /* Release */ = {
			isa = XCBuildConfiguration;
			buildSettings = {
				ASSETCATALOG_COMPILER_APPICON_NAME = AppIcon;
				ASSETCATALOG_COMPILER_GLOBAL_ACCENT_COLOR_NAME = AccentColor;
				CODE_SIGN_ENTITLEMENTS = LectureAssistant/LectureAssistant.entitlements;
				CODE_SIGN_STYLE = Automatic;
				COMBINE_HIDPI_IMAGES = YES;
				CURRENT_PROJECT_VERSION = 1;
				DEVELOPMENT_ASSET_PATHS = "\"LectureAssistant/Preview Content\"";
				DEVELOPMENT_TEAM = TW5C93DFWS;
				ENABLE_HARDENED_RUNTIME = YES;
				ENABLE_PREVIEWS = YES;
				GENERATE_INFOPLIST_FILE = YES;
				INFOPLIST_FILE = LectureAssistant/Info.plist;
				INFOPLIST_KEY_NSHumanReadableCopyright = "";
				LD_RUNPATH_SEARCH_PATHS = (
					"$(inherited)",
					"@executable_path/../Frameworks",
				);
				MARKETING_VERSION = 1.0;
				PRODUCT_BUNDLE_IDENTIFIER = com.ssp.LectureAssistant;
				PRODUCT_NAME = "$(TARGET_NAME)";
				SWIFT_EMIT_LOC_STRINGS = YES;
				SWIFT_VERSION = 5.0;
			};
			name = Release;
		};
/* End XCBuildConfiguration section */

/* Begin XCConfigurationList section */
		67D9B4F128DBDE22000DE0B3 /* Build configuration list for PBXProject "LectureAssistant" */ = {
			isa = XCConfigurationList;
			buildConfigurations = (
				67D9B50328DBDE25000DE0B3 /* Debug */,
				67D9B50428DBDE25000DE0B3 /* Release */,
			);
			defaultConfigurationIsVisible = 0;
			defaultConfigurationName = Release;
		};
		67D9B50528DBDE25000DE0B3 /* Build configuration list for PBXNativeTarget "LectureAssistant" */ = {
			isa = XCConfigurationList;
			buildConfigurations = (
				67D9B50628DBDE25000DE0B3 /* Debug */,
				67D9B50728DBDE25000DE0B3 /* Release */,
			);
			defaultConfigurationIsVisible = 0;
			defaultConfigurationName = Release;
		};
/* End XCConfigurationList section */

/* Begin XCRemoteSwiftPackageReference section */
		6762847628DFF5BA000C073A /* XCRemoteSwiftPackageReference "KeyboardShortcuts" */ = {
			isa = XCRemoteSwiftPackageReference;
			repositoryURL = "https://github.com/sindresorhus/KeyboardShortcuts";
			requirement = {
				branch = main;
				kind = branch;
			};
		};
/* End XCRemoteSwiftPackageReference section */

/* Begin XCSwiftPackageProductDependency section */
		6762847728DFF5BA000C073A /* KeyboardShortcuts */ = {
			isa = XCSwiftPackageProductDependency;
			package = 6762847628DFF5BA000C073A /* XCRemoteSwiftPackageReference "KeyboardShortcuts" */;
			productName = KeyboardShortcuts;
		};
/* End XCSwiftPackageProductDependency section */
	};
	rootObject = 67D9B4EE28DBDE22000DE0B3 /* Project object */;
}
